// !$*UTF8*$!
{
	archiveVersion = 1;
	classes = {
	};
	objectVersion = 48;
	objects = {

/* Begin PBXBuildFile section */
		8575F6FB204350D100F0AF0A /* FirebaseNode.swift in Sources */ = {isa = PBXBuildFile; fileRef = 8575F6FA204350D100F0AF0A /* FirebaseNode.swift */; };
		8575F6FD2043560E00F0AF0A /* NodeAnimationCreator.swift in Sources */ = {isa = PBXBuildFile; fileRef = 8575F6FC2043560E00F0AF0A /* NodeAnimationCreator.swift */; };
		8575F6FF2043581700F0AF0A /* GlobalNode.swift in Sources */ = {isa = PBXBuildFile; fileRef = 8575F6FE2043581700F0AF0A /* GlobalNode.swift */; };
		85EC36E6202B47E10062DA7C /* CalibrationView.swift in Sources */ = {isa = PBXBuildFile; fileRef = 85EC36E5202B47E10062DA7C /* CalibrationView.swift */; };
		85EC36E8202B47F30062DA7C /* CalibrationView.xib in Resources */ = {isa = PBXBuildFile; fileRef = 85EC36E7202B47F30062DA7C /* CalibrationView.xib */; };
		85EC36EA202B4F570062DA7C /* WaitingForAnchorLocationView.swift in Sources */ = {isa = PBXBuildFile; fileRef = 85EC36E9202B4F570062DA7C /* WaitingForAnchorLocationView.swift */; };
		85EC36EE202B4F870062DA7C /* WaitingForAnchorLocationView.xib in Resources */ = {isa = PBXBuildFile; fileRef = 85EC36ED202B4F870062DA7C /* WaitingForAnchorLocationView.xib */; };
		85EC36F0202B51FC0062DA7C /* NormalModeView.swift in Sources */ = {isa = PBXBuildFile; fileRef = 85EC36EF202B51FC0062DA7C /* NormalModeView.swift */; };
		85EC36F2202B520F0062DA7C /* NormalModeView.xib in Resources */ = {isa = PBXBuildFile; fileRef = 85EC36F1202B520F0062DA7C /* NormalModeView.xib */; };
		85EC36F4202B667A0062DA7C /* EditingModeView.swift in Sources */ = {isa = PBXBuildFile; fileRef = 85EC36F3202B667A0062DA7C /* EditingModeView.swift */; };
		85EC36F6202B66850062DA7C /* EditingModeView.xib in Resources */ = {isa = PBXBuildFile; fileRef = 85EC36F5202B66850062DA7C /* EditingModeView.xib */; };
		85EC36F9202B8A250062DA7C /* MenuCollectionViewCell.swift in Sources */ = {isa = PBXBuildFile; fileRef = 85EC36F7202B8A250062DA7C /* MenuCollectionViewCell.swift */; };
		85EC36FA202B8A250062DA7C /* MenuCollectionViewCell.xib in Resources */ = {isa = PBXBuildFile; fileRef = 85EC36F8202B8A250062DA7C /* MenuCollectionViewCell.xib */; };
		85EC36FC202B9EBE0062DA7C /* XibSetup.swift in Sources */ = {isa = PBXBuildFile; fileRef = 85EC36FB202B9EBE0062DA7C /* XibSetup.swift */; };
		85EC36FE202CACF70062DA7C /* SudoNode.swift in Sources */ = {isa = PBXBuildFile; fileRef = 85EC36FD202CACF70062DA7C /* SudoNode.swift */; };
		8D7283F820252EF10099FAF3 /* ModelType.swift in Sources */ = {isa = PBXBuildFile; fileRef = 8D7283F720252EF10099FAF3 /* ModelType.swift */; };
		8D728400202571300099FAF3 /* UIViewExtensions.swift in Sources */ = {isa = PBXBuildFile; fileRef = 8D7283FF202571300099FAF3 /* UIViewExtensions.swift */; };
		8DA46BFF2025210600577308 /* AppDelegate.swift in Sources */ = {isa = PBXBuildFile; fileRef = 8DA46BFE2025210600577308 /* AppDelegate.swift */; };
		8DA46C012025210600577308 /* art.scnassets in Resources */ = {isa = PBXBuildFile; fileRef = 8DA46C002025210600577308 /* art.scnassets */; };
		8DA46C032025210600577308 /* ViewController.swift in Sources */ = {isa = PBXBuildFile; fileRef = 8DA46C022025210600577308 /* ViewController.swift */; };
		8DA46C062025210600577308 /* Main.storyboard in Resources */ = {isa = PBXBuildFile; fileRef = 8DA46C042025210600577308 /* Main.storyboard */; };
		8DA46C082025210600577308 /* Assets.xcassets in Resources */ = {isa = PBXBuildFile; fileRef = 8DA46C072025210600577308 /* Assets.xcassets */; };
		8DA46C0B2025210600577308 /* LaunchScreen.storyboard in Resources */ = {isa = PBXBuildFile; fileRef = 8DA46C092025210600577308 /* LaunchScreen.storyboard */; };
		8DC4CFFE20257FB40004B627 /* NodeCreator.swift in Sources */ = {isa = PBXBuildFile; fileRef = 8DC4CFFD20257FB40004B627 /* NodeCreator.swift */; };
		8DC4D00B2025AD8B0004B627 /* Utilities.swift in Sources */ = {isa = PBXBuildFile; fileRef = 8DC4D00A2025AD8B0004B627 /* Utilities.swift */; };
		8DC4D00D2025ADBD0004B627 /* SCNVector3+Extensions.swift in Sources */ = {isa = PBXBuildFile; fileRef = 8DC4D00C2025ADBD0004B627 /* SCNVector3+Extensions.swift */; };
		9E59129B202C068200CE593D /* Constants.swift in Sources */ = {isa = PBXBuildFile; fileRef = 9E59129A202C068200CE593D /* Constants.swift */; };
		A7368FCF2025309D00BDC162 /* GoogleService-Info.plist in Resources */ = {isa = PBXBuildFile; fileRef = A7368FCE2025309D00BDC162 /* GoogleService-Info.plist */; };
		A7368FD120253DC800BDC162 /* FirebaseManager.swift in Sources */ = {isa = PBXBuildFile; fileRef = A7368FD020253DC800BDC162 /* FirebaseManager.swift */; };
		FF8FF47D9BE19B3753BBB62D /* Pods_ARWorld.framework in Frameworks */ = {isa = PBXBuildFile; fileRef = 7DF0F3A6677EB24016E23796 /* Pods_ARWorld.framework */; settings = {ATTRIBUTES = (Required, ); }; };
/* End PBXBuildFile section */

/* Begin PBXFileReference section */
		58C51BD5BA8A34F0C53DB69D /* Pods-ARWorld.debug.xcconfig */ = {isa = PBXFileReference; includeInIndex = 1; lastKnownFileType = text.xcconfig; name = "Pods-ARWorld.debug.xcconfig"; path = "Pods/Target Support Files/Pods-ARWorld/Pods-ARWorld.debug.xcconfig"; sourceTree = "<group>"; };
		7DF0F3A6677EB24016E23796 /* Pods_ARWorld.framework */ = {isa = PBXFileReference; explicitFileType = wrapper.framework; includeInIndex = 0; path = Pods_ARWorld.framework; sourceTree = BUILT_PRODUCTS_DIR; };
		8575F6FA204350D100F0AF0A /* FirebaseNode.swift */ = {isa = PBXFileReference; lastKnownFileType = sourcecode.swift; path = FirebaseNode.swift; sourceTree = "<group>"; };
		8575F6FC2043560E00F0AF0A /* NodeAnimationCreator.swift */ = {isa = PBXFileReference; lastKnownFileType = sourcecode.swift; path = NodeAnimationCreator.swift; sourceTree = "<group>"; };
		8575F6FE2043581700F0AF0A /* GlobalNode.swift */ = {isa = PBXFileReference; lastKnownFileType = sourcecode.swift; path = GlobalNode.swift; sourceTree = "<group>"; };
		85EC36E5202B47E10062DA7C /* CalibrationView.swift */ = {isa = PBXFileReference; lastKnownFileType = sourcecode.swift; path = CalibrationView.swift; sourceTree = "<group>"; };
		85EC36E7202B47F30062DA7C /* CalibrationView.xib */ = {isa = PBXFileReference; lastKnownFileType = file.xib; path = CalibrationView.xib; sourceTree = "<group>"; };
		85EC36E9202B4F570062DA7C /* WaitingForAnchorLocationView.swift */ = {isa = PBXFileReference; lastKnownFileType = sourcecode.swift; path = WaitingForAnchorLocationView.swift; sourceTree = "<group>"; };
		85EC36ED202B4F870062DA7C /* WaitingForAnchorLocationView.xib */ = {isa = PBXFileReference; lastKnownFileType = file.xib; path = WaitingForAnchorLocationView.xib; sourceTree = "<group>"; };
		85EC36EF202B51FC0062DA7C /* NormalModeView.swift */ = {isa = PBXFileReference; lastKnownFileType = sourcecode.swift; path = NormalModeView.swift; sourceTree = "<group>"; };
		85EC36F1202B520F0062DA7C /* NormalModeView.xib */ = {isa = PBXFileReference; lastKnownFileType = file.xib; path = NormalModeView.xib; sourceTree = "<group>"; };
		85EC36F3202B667A0062DA7C /* EditingModeView.swift */ = {isa = PBXFileReference; lastKnownFileType = sourcecode.swift; path = EditingModeView.swift; sourceTree = "<group>"; };
		85EC36F5202B66850062DA7C /* EditingModeView.xib */ = {isa = PBXFileReference; lastKnownFileType = file.xib; path = EditingModeView.xib; sourceTree = "<group>"; };
		85EC36F7202B8A250062DA7C /* MenuCollectionViewCell.swift */ = {isa = PBXFileReference; lastKnownFileType = sourcecode.swift; path = MenuCollectionViewCell.swift; sourceTree = "<group>"; };
		85EC36F8202B8A250062DA7C /* MenuCollectionViewCell.xib */ = {isa = PBXFileReference; lastKnownFileType = file.xib; path = MenuCollectionViewCell.xib; sourceTree = "<group>"; };
		85EC36FB202B9EBE0062DA7C /* XibSetup.swift */ = {isa = PBXFileReference; lastKnownFileType = sourcecode.swift; path = XibSetup.swift; sourceTree = "<group>"; };
		85EC36FD202CACF70062DA7C /* SudoNode.swift */ = {isa = PBXFileReference; lastKnownFileType = sourcecode.swift; path = SudoNode.swift; sourceTree = "<group>"; };
		8D7283F720252EF10099FAF3 /* ModelType.swift */ = {isa = PBXFileReference; lastKnownFileType = sourcecode.swift; path = ModelType.swift; sourceTree = "<group>"; };
		8D7283FF202571300099FAF3 /* UIViewExtensions.swift */ = {isa = PBXFileReference; lastKnownFileType = sourcecode.swift; path = UIViewExtensions.swift; sourceTree = "<group>"; };
		8DA46BFB2025210600577308 /* ARWorld.app */ = {isa = PBXFileReference; explicitFileType = wrapper.application; includeInIndex = 0; path = ARWorld.app; sourceTree = BUILT_PRODUCTS_DIR; };
		8DA46BFE2025210600577308 /* AppDelegate.swift */ = {isa = PBXFileReference; lastKnownFileType = sourcecode.swift; path = AppDelegate.swift; sourceTree = "<group>"; };
		8DA46C002025210600577308 /* art.scnassets */ = {isa = PBXFileReference; lastKnownFileType = wrapper.scnassets; path = art.scnassets; sourceTree = "<group>"; };
		8DA46C022025210600577308 /* ViewController.swift */ = {isa = PBXFileReference; lastKnownFileType = sourcecode.swift; path = ViewController.swift; sourceTree = "<group>"; };
		8DA46C052025210600577308 /* Base */ = {isa = PBXFileReference; lastKnownFileType = file.storyboard; name = Base; path = Base.lproj/Main.storyboard; sourceTree = "<group>"; };
		8DA46C072025210600577308 /* Assets.xcassets */ = {isa = PBXFileReference; lastKnownFileType = folder.assetcatalog; path = Assets.xcassets; sourceTree = "<group>"; };
		8DA46C0A2025210600577308 /* Base */ = {isa = PBXFileReference; lastKnownFileType = file.storyboard; name = Base; path = Base.lproj/LaunchScreen.storyboard; sourceTree = "<group>"; };
		8DA46C0C2025210600577308 /* Info.plist */ = {isa = PBXFileReference; lastKnownFileType = text.plist.xml; path = Info.plist; sourceTree = "<group>"; };
		8DC4CFFD20257FB40004B627 /* NodeCreator.swift */ = {isa = PBXFileReference; fileEncoding = 4; lastKnownFileType = sourcecode.swift; path = NodeCreator.swift; sourceTree = "<group>"; };
		8DC4D00A2025AD8B0004B627 /* Utilities.swift */ = {isa = PBXFileReference; fileEncoding = 4; lastKnownFileType = sourcecode.swift; path = Utilities.swift; sourceTree = "<group>"; };
		8DC4D00C2025ADBD0004B627 /* SCNVector3+Extensions.swift */ = {isa = PBXFileReference; fileEncoding = 4; lastKnownFileType = sourcecode.swift; path = "SCNVector3+Extensions.swift"; sourceTree = "<group>"; };
		9E59129A202C068200CE593D /* Constants.swift */ = {isa = PBXFileReference; lastKnownFileType = sourcecode.swift; path = Constants.swift; sourceTree = "<group>"; };
		A7368FCE2025309D00BDC162 /* GoogleService-Info.plist */ = {isa = PBXFileReference; fileEncoding = 4; lastKnownFileType = text.plist.xml; path = "GoogleService-Info.plist"; sourceTree = "<group>"; };
		A7368FD020253DC800BDC162 /* FirebaseManager.swift */ = {isa = PBXFileReference; lastKnownFileType = sourcecode.swift; path = FirebaseManager.swift; sourceTree = "<group>"; };
		F5F1FF02876CD5800BC6D4F4 /* Pods-ARWorld.release.xcconfig */ = {isa = PBXFileReference; includeInIndex = 1; lastKnownFileType = text.xcconfig; name = "Pods-ARWorld.release.xcconfig"; path = "Pods/Target Support Files/Pods-ARWorld/Pods-ARWorld.release.xcconfig"; sourceTree = "<group>"; };
/* End PBXFileReference section */

/* Begin PBXFrameworksBuildPhase section */
		8DA46BF82025210600577308 /* Frameworks */ = {
			isa = PBXFrameworksBuildPhase;
			buildActionMask = 2147483647;
			files = (
				FF8FF47D9BE19B3753BBB62D /* Pods_ARWorld.framework in Frameworks */,
			);
			runOnlyForDeploymentPostprocessing = 0;
		};
/* End PBXFrameworksBuildPhase section */

/* Begin PBXGroup section */
		80A2509B0E48B671C2AEC95F /* Frameworks */ = {
			isa = PBXGroup;
			children = (
				7DF0F3A6677EB24016E23796 /* Pods_ARWorld.framework */,
			);
			name = Frameworks;
			sourceTree = "<group>";
		};
		8575F6F520434FEA00F0AF0A /* Firebase */ = {
			isa = PBXGroup;
			children = (
				A7368FD020253DC800BDC162 /* FirebaseManager.swift */,
				8575F6FA204350D100F0AF0A /* FirebaseNode.swift */,
				A7368FCE2025309D00BDC162 /* GoogleService-Info.plist */,
			);
			path = Firebase;
			sourceTree = "<group>";
		};
		8575F6F62043501300F0AF0A /* ARModeViews */ = {
			isa = PBXGroup;
			children = (
				85EC36E5202B47E10062DA7C /* CalibrationView.swift */,
				85EC36E7202B47F30062DA7C /* CalibrationView.xib */,
				85EC36E9202B4F570062DA7C /* WaitingForAnchorLocationView.swift */,
				85EC36ED202B4F870062DA7C /* WaitingForAnchorLocationView.xib */,
				85EC36EF202B51FC0062DA7C /* NormalModeView.swift */,
				85EC36F1202B520F0062DA7C /* NormalModeView.xib */,
				85EC36F3202B667A0062DA7C /* EditingModeView.swift */,
				85EC36F5202B66850062DA7C /* EditingModeView.xib */,
			);
			path = ARModeViews;
			sourceTree = "<group>";
		};
		8575F6F72043506700F0AF0A /* 3DUtilities */ = {
			isa = PBXGroup;
			children = (
				8DC4D00C2025ADBD0004B627 /* SCNVector3+Extensions.swift */,
			);
			path = 3DUtilities;
			sourceTree = "<group>";
		};
		8575F7002043584E00F0AF0A /* Nodes */ = {
			isa = PBXGroup;
			children = (
				8575F7012043591500F0AF0A /* Animations */,
				8D7283F92025306A0099FAF3 /* Models */,
				8575F6FE2043581700F0AF0A /* GlobalNode.swift */,
				8DC4CFFD20257FB40004B627 /* NodeCreator.swift */,
				85EC36FD202CACF70062DA7C /* SudoNode.swift */,
			);
			path = Nodes;
			sourceTree = "<group>";
		};
		8575F7012043591500F0AF0A /* Animations */ = {
			isa = PBXGroup;
			children = (
				8575F6FC2043560E00F0AF0A /* NodeAnimationCreator.swift */,
			);
			path = Animations;
			sourceTree = "<group>";
		};
		8575F70420437B5500F0AF0A /* ViewControllers */ = {
			isa = PBXGroup;
			children = (
			);
			path = ViewControllers;
			sourceTree = "<group>";
		};
		8D7283F92025306A0099FAF3 /* Models */ = {
			isa = PBXGroup;
			children = (
				8D7283F720252EF10099FAF3 /* ModelType.swift */,
			);
			path = Models;
			sourceTree = "<group>";
		};
		8D7283FE20256F9A0099FAF3 /* Menu */ = {
			isa = PBXGroup;
			children = (
				8D7283FF202571300099FAF3 /* UIViewExtensions.swift */,
				85EC36F7202B8A250062DA7C /* MenuCollectionViewCell.swift */,
				85EC36F8202B8A250062DA7C /* MenuCollectionViewCell.xib */,
			);
			path = Menu;
			sourceTree = "<group>";
		};
		8DA46BF22025210600577308 = {
			isa = PBXGroup;
			children = (
				8DC4CFFF20258DDD0004B627 /* Utilities */,
				8D7283FE20256F9A0099FAF3 /* Menu */,
				8575F7002043584E00F0AF0A /* Nodes */,
				8DC4D00E2025BD9D0004B627 /* Assets */,
				8575F6F520434FEA00F0AF0A /* Firebase */,
				8DA46BFD2025210600577308 /* ARWorld */,
				8DA46BFC2025210600577308 /* Products */,
				A1A0C0DC31D8C3DF3DD7F7B2 /* Pods */,
				80A2509B0E48B671C2AEC95F /* Frameworks */,
			);
			sourceTree = "<group>";
		};
		8DA46BFC2025210600577308 /* Products */ = {
			isa = PBXGroup;
			children = (
				8DA46BFB2025210600577308 /* ARWorld.app */,
			);
			name = Products;
			sourceTree = "<group>";
		};
		8DA46BFD2025210600577308 /* ARWorld */ = {
			isa = PBXGroup;
			children = (
				8575F70420437B5500F0AF0A /* ViewControllers */,
				8575F6F62043501300F0AF0A /* ARModeViews */,
				8DA46BFE2025210600577308 /* AppDelegate.swift */,
				8DA46C022025210600577308 /* ViewController.swift */,
				8DA46C042025210600577308 /* Main.storyboard */,
				8DA46C092025210600577308 /* LaunchScreen.storyboard */,
				8DA46C0C2025210600577308 /* Info.plist */,
			);
			path = ARWorld;
			sourceTree = "<group>";
		};
		8DC4CFFF20258DDD0004B627 /* Utilities */ = {
			isa = PBXGroup;
			children = (
				8575F6F72043506700F0AF0A /* 3DUtilities */,
				8DC4D00A2025AD8B0004B627 /* Utilities.swift */,
				85EC36FB202B9EBE0062DA7C /* XibSetup.swift */,
				9E59129A202C068200CE593D /* Constants.swift */,
			);
			path = Utilities;
			sourceTree = "<group>";
		};
		8DC4D00E2025BD9D0004B627 /* Assets */ = {
			isa = PBXGroup;
			children = (
				8DA46C072025210600577308 /* Assets.xcassets */,
				8DA46C002025210600577308 /* art.scnassets */,
			);
			path = Assets;
			sourceTree = "<group>";
		};
		A1A0C0DC31D8C3DF3DD7F7B2 /* Pods */ = {
			isa = PBXGroup;
			children = (
				58C51BD5BA8A34F0C53DB69D /* Pods-ARWorld.debug.xcconfig */,
				F5F1FF02876CD5800BC6D4F4 /* Pods-ARWorld.release.xcconfig */,
			);
			name = Pods;
			sourceTree = "<group>";
		};
/* End PBXGroup section */

/* Begin PBXNativeTarget section */
		8DA46BFA2025210600577308 /* ARWorld */ = {
			isa = PBXNativeTarget;
			buildConfigurationList = 8DA46C0F2025210600577308 /* Build configuration list for PBXNativeTarget "ARWorld" */;
			buildPhases = (
				BA2AEF285536EBF14A06F6F9 /* [CP] Check Pods Manifest.lock */,
				8DA46BF72025210600577308 /* Sources */,
				8DA46BF82025210600577308 /* Frameworks */,
				8DA46BF92025210600577308 /* Resources */,
				2107397DB639A98A2E3C83E4 /* [CP] Embed Pods Frameworks */,
				23E2C197F8173C2FAB68B698 /* [CP] Copy Pods Resources */,
			);
			buildRules = (
			);
			dependencies = (
			);
			name = ARWorld;
			productName = ARWorld;
			productReference = 8DA46BFB2025210600577308 /* ARWorld.app */;
			productType = "com.apple.product-type.application";
		};
/* End PBXNativeTarget section */

/* Begin PBXProject section */
		8DA46BF32025210600577308 /* Project object */ = {
			isa = PBXProject;
			attributes = {
				LastSwiftUpdateCheck = 0920;
				LastUpgradeCheck = 0920;
				ORGANIZATIONNAME = "sudo-world";
				TargetAttributes = {
					8DA46BFA2025210600577308 = {
						CreatedOnToolsVersion = 9.2;
						ProvisioningStyle = Automatic;
					};
				};
			};
			buildConfigurationList = 8DA46BF62025210600577308 /* Build configuration list for PBXProject "ARWorld" */;
			compatibilityVersion = "Xcode 8.0";
			developmentRegion = en;
			hasScannedForEncodings = 0;
			knownRegions = (
				en,
				Base,
			);
			mainGroup = 8DA46BF22025210600577308;
			productRefGroup = 8DA46BFC2025210600577308 /* Products */;
			projectDirPath = "";
			projectRoot = "";
			targets = (
				8DA46BFA2025210600577308 /* ARWorld */,
			);
		};
/* End PBXProject section */

/* Begin PBXResourcesBuildPhase section */
		8DA46BF92025210600577308 /* Resources */ = {
			isa = PBXResourcesBuildPhase;
			buildActionMask = 2147483647;
			files = (
				8DA46C012025210600577308 /* art.scnassets in Resources */,
				8DA46C0B2025210600577308 /* LaunchScreen.storyboard in Resources */,
				A7368FCF2025309D00BDC162 /* GoogleService-Info.plist in Resources */,
				8DA46C082025210600577308 /* Assets.xcassets in Resources */,
				85EC36F2202B520F0062DA7C /* NormalModeView.xib in Resources */,
				85EC36EE202B4F870062DA7C /* WaitingForAnchorLocationView.xib in Resources */,
				85EC36F6202B66850062DA7C /* EditingModeView.xib in Resources */,
				85EC36FA202B8A250062DA7C /* MenuCollectionViewCell.xib in Resources */,
				8DA46C062025210600577308 /* Main.storyboard in Resources */,
				85EC36E8202B47F30062DA7C /* CalibrationView.xib in Resources */,
			);
			runOnlyForDeploymentPostprocessing = 0;
		};
/* End PBXResourcesBuildPhase section */

/* Begin PBXShellScriptBuildPhase section */
		2107397DB639A98A2E3C83E4 /* [CP] Embed Pods Frameworks */ = {
			isa = PBXShellScriptBuildPhase;
			buildActionMask = 2147483647;
			files = (
			);
			inputPaths = (
				"${SRCROOT}/Pods/Target Support Files/Pods-ARWorld/Pods-ARWorld-frameworks.sh",
				"${BUILT_PRODUCTS_DIR}/GoogleToolboxForMac/GoogleToolboxForMac.framework",
				"${BUILT_PRODUCTS_DIR}/leveldb-library/leveldb.framework",
				"${BUILT_PRODUCTS_DIR}/nanopb/nanopb.framework",
			);
			name = "[CP] Embed Pods Frameworks";
			outputPaths = (
				"${TARGET_BUILD_DIR}/${FRAMEWORKS_FOLDER_PATH}/GoogleToolboxForMac.framework",
				"${TARGET_BUILD_DIR}/${FRAMEWORKS_FOLDER_PATH}/leveldb.framework",
				"${TARGET_BUILD_DIR}/${FRAMEWORKS_FOLDER_PATH}/nanopb.framework",
			);
			runOnlyForDeploymentPostprocessing = 0;
			shellPath = /bin/sh;
			shellScript = "\"${SRCROOT}/Pods/Target Support Files/Pods-ARWorld/Pods-ARWorld-frameworks.sh\"\n";
			showEnvVarsInLog = 0;
		};
		23E2C197F8173C2FAB68B698 /* [CP] Copy Pods Resources */ = {
			isa = PBXShellScriptBuildPhase;
			buildActionMask = 2147483647;
			files = (
			);
			inputPaths = (
			);
			name = "[CP] Copy Pods Resources";
			outputPaths = (
			);
			runOnlyForDeploymentPostprocessing = 0;
			shellPath = /bin/sh;
			shellScript = "\"${SRCROOT}/Pods/Target Support Files/Pods-ARWorld/Pods-ARWorld-resources.sh\"\n";
			showEnvVarsInLog = 0;
		};
		BA2AEF285536EBF14A06F6F9 /* [CP] Check Pods Manifest.lock */ = {
			isa = PBXShellScriptBuildPhase;
			buildActionMask = 2147483647;
			files = (
			);
			inputPaths = (
				"${PODS_PODFILE_DIR_PATH}/Podfile.lock",
				"${PODS_ROOT}/Manifest.lock",
			);
			name = "[CP] Check Pods Manifest.lock";
			outputPaths = (
				"$(DERIVED_FILE_DIR)/Pods-ARWorld-checkManifestLockResult.txt",
			);
			runOnlyForDeploymentPostprocessing = 0;
			shellPath = /bin/sh;
			shellScript = "diff \"${PODS_PODFILE_DIR_PATH}/Podfile.lock\" \"${PODS_ROOT}/Manifest.lock\" > /dev/null\nif [ $? != 0 ] ; then\n    # print error to STDERR\n    echo \"error: The sandbox is not in sync with the Podfile.lock. Run 'pod install' or update your CocoaPods installation.\" >&2\n    exit 1\nfi\n# This output is used by Xcode 'outputs' to avoid re-running this script phase.\necho \"SUCCESS\" > \"${SCRIPT_OUTPUT_FILE_0}\"\n";
			showEnvVarsInLog = 0;
		};
/* End PBXShellScriptBuildPhase section */

/* Begin PBXSourcesBuildPhase section */
		8DA46BF72025210600577308 /* Sources */ = {
			isa = PBXSourcesBuildPhase;
			buildActionMask = 2147483647;
			files = (
				8575F6FD2043560E00F0AF0A /* NodeAnimationCreator.swift in Sources */,
				8575F6FB204350D100F0AF0A /* FirebaseNode.swift in Sources */,
				8D7283F820252EF10099FAF3 /* ModelType.swift in Sources */,
				8D728400202571300099FAF3 /* UIViewExtensions.swift in Sources */,
				8DC4D00B2025AD8B0004B627 /* Utilities.swift in Sources */,
				85EC36E6202B47E10062DA7C /* CalibrationView.swift in Sources */,
				85EC36F9202B8A250062DA7C /* MenuCollectionViewCell.swift in Sources */,
				9E59129B202C068200CE593D /* Constants.swift in Sources */,
				85EC36F0202B51FC0062DA7C /* NormalModeView.swift in Sources */,
				85EC36EA202B4F570062DA7C /* WaitingForAnchorLocationView.swift in Sources */,
				8DC4D00D2025ADBD0004B627 /* SCNVector3+Extensions.swift in Sources */,
				8DC4CFFE20257FB40004B627 /* NodeCreator.swift in Sources */,
				85EC36FE202CACF70062DA7C /* SudoNode.swift in Sources */,
				8575F6FF2043581700F0AF0A /* GlobalNode.swift in Sources */,
				85EC36F4202B667A0062DA7C /* EditingModeView.swift in Sources */,
				A7368FD120253DC800BDC162 /* FirebaseManager.swift in Sources */,
				85EC36FC202B9EBE0062DA7C /* XibSetup.swift in Sources */,
				8DA46C032025210600577308 /* ViewController.swift in Sources */,
				8DA46BFF2025210600577308 /* AppDelegate.swift in Sources */,
			);
			runOnlyForDeploymentPostprocessing = 0;
		};
/* End PBXSourcesBuildPhase section */

/* Begin PBXVariantGroup section */
		8DA46C042025210600577308 /* Main.storyboard */ = {
			isa = PBXVariantGroup;
			children = (
				8DA46C052025210600577308 /* Base */,
			);
			name = Main.storyboard;
			sourceTree = "<group>";
		};
		8DA46C092025210600577308 /* LaunchScreen.storyboard */ = {
			isa = PBXVariantGroup;
			children = (
				8DA46C0A2025210600577308 /* Base */,
			);
			name = LaunchScreen.storyboard;
			sourceTree = "<group>";
		};
/* End PBXVariantGroup section */

/* Begin XCBuildConfiguration section */
		8DA46C0D2025210600577308 /* Debug */ = {
			isa = XCBuildConfiguration;
			buildSettings = {
				ALWAYS_SEARCH_USER_PATHS = NO;
				CLANG_ANALYZER_NONNULL = YES;
				CLANG_ANALYZER_NUMBER_OBJECT_CONVERSION = YES_AGGRESSIVE;
				CLANG_CXX_LANGUAGE_STANDARD = "gnu++14";
				CLANG_CXX_LIBRARY = "libc++";
				CLANG_ENABLE_MODULES = YES;
				CLANG_ENABLE_OBJC_ARC = YES;
				CLANG_WARN_BLOCK_CAPTURE_AUTORELEASING = YES;
				CLANG_WARN_BOOL_CONVERSION = YES;
				CLANG_WARN_COMMA = YES;
				CLANG_WARN_CONSTANT_CONVERSION = YES;
				CLANG_WARN_DIRECT_OBJC_ISA_USAGE = YES_ERROR;
				CLANG_WARN_DOCUMENTATION_COMMENTS = YES;
				CLANG_WARN_EMPTY_BODY = YES;
				CLANG_WARN_ENUM_CONVERSION = YES;
				CLANG_WARN_INFINITE_RECURSION = YES;
				CLANG_WARN_INT_CONVERSION = YES;
				CLANG_WARN_NON_LITERAL_NULL_CONVERSION = YES;
				CLANG_WARN_OBJC_LITERAL_CONVERSION = YES;
				CLANG_WARN_OBJC_ROOT_CLASS = YES_ERROR;
				CLANG_WARN_RANGE_LOOP_ANALYSIS = YES;
				CLANG_WARN_STRICT_PROTOTYPES = YES;
				CLANG_WARN_SUSPICIOUS_MOVE = YES;
				CLANG_WARN_UNGUARDED_AVAILABILITY = YES_AGGRESSIVE;
				CLANG_WARN_UNREACHABLE_CODE = YES;
				CLANG_WARN__DUPLICATE_METHOD_MATCH = YES;
				CODE_SIGN_IDENTITY = "iPhone Developer";
				COPY_PHASE_STRIP = NO;
				DEBUG_INFORMATION_FORMAT = dwarf;
				ENABLE_STRICT_OBJC_MSGSEND = YES;
				ENABLE_TESTABILITY = YES;
				GCC_C_LANGUAGE_STANDARD = gnu11;
				GCC_DYNAMIC_NO_PIC = NO;
				GCC_NO_COMMON_BLOCKS = YES;
				GCC_OPTIMIZATION_LEVEL = 0;
				GCC_PREPROCESSOR_DEFINITIONS = (
					"DEBUG=1",
					"$(inherited)",
				);
				GCC_WARN_64_TO_32_BIT_CONVERSION = YES;
				GCC_WARN_ABOUT_RETURN_TYPE = YES_ERROR;
				GCC_WARN_UNDECLARED_SELECTOR = YES;
				GCC_WARN_UNINITIALIZED_AUTOS = YES_AGGRESSIVE;
				GCC_WARN_UNUSED_FUNCTION = YES;
				GCC_WARN_UNUSED_VARIABLE = YES;
				IPHONEOS_DEPLOYMENT_TARGET = 11.2;
				MTL_ENABLE_DEBUG_INFO = YES;
				ONLY_ACTIVE_ARCH = YES;
				SDKROOT = iphoneos;
				SWIFT_ACTIVE_COMPILATION_CONDITIONS = DEBUG;
				SWIFT_OPTIMIZATION_LEVEL = "-Onone";
			};
			name = Debug;
		};
		8DA46C0E2025210600577308 /* Release */ = {
			isa = XCBuildConfiguration;
			buildSettings = {
				ALWAYS_SEARCH_USER_PATHS = NO;
				CLANG_ANALYZER_NONNULL = YES;
				CLANG_ANALYZER_NUMBER_OBJECT_CONVERSION = YES_AGGRESSIVE;
				CLANG_CXX_LANGUAGE_STANDARD = "gnu++14";
				CLANG_CXX_LIBRARY = "libc++";
				CLANG_ENABLE_MODULES = YES;
				CLANG_ENABLE_OBJC_ARC = YES;
				CLANG_WARN_BLOCK_CAPTURE_AUTORELEASING = YES;
				CLANG_WARN_BOOL_CONVERSION = YES;
				CLANG_WARN_COMMA = YES;
				CLANG_WARN_CONSTANT_CONVERSION = YES;
				CLANG_WARN_DIRECT_OBJC_ISA_USAGE = YES_ERROR;
				CLANG_WARN_DOCUMENTATION_COMMENTS = YES;
				CLANG_WARN_EMPTY_BODY = YES;
				CLANG_WARN_ENUM_CONVERSION = YES;
				CLANG_WARN_INFINITE_RECURSION = YES;
				CLANG_WARN_INT_CONVERSION = YES;
				CLANG_WARN_NON_LITERAL_NULL_CONVERSION = YES;
				CLANG_WARN_OBJC_LITERAL_CONVERSION = YES;
				CLANG_WARN_OBJC_ROOT_CLASS = YES_ERROR;
				CLANG_WARN_RANGE_LOOP_ANALYSIS = YES;
				CLANG_WARN_STRICT_PROTOTYPES = YES;
				CLANG_WARN_SUSPICIOUS_MOVE = YES;
				CLANG_WARN_UNGUARDED_AVAILABILITY = YES_AGGRESSIVE;
				CLANG_WARN_UNREACHABLE_CODE = YES;
				CLANG_WARN__DUPLICATE_METHOD_MATCH = YES;
				CODE_SIGN_IDENTITY = "iPhone Developer";
				COPY_PHASE_STRIP = NO;
				DEBUG_INFORMATION_FORMAT = "dwarf-with-dsym";
				ENABLE_NS_ASSERTIONS = NO;
				ENABLE_STRICT_OBJC_MSGSEND = YES;
				GCC_C_LANGUAGE_STANDARD = gnu11;
				GCC_NO_COMMON_BLOCKS = YES;
				GCC_WARN_64_TO_32_BIT_CONVERSION = YES;
				GCC_WARN_ABOUT_RETURN_TYPE = YES_ERROR;
				GCC_WARN_UNDECLARED_SELECTOR = YES;
				GCC_WARN_UNINITIALIZED_AUTOS = YES_AGGRESSIVE;
				GCC_WARN_UNUSED_FUNCTION = YES;
				GCC_WARN_UNUSED_VARIABLE = YES;
				IPHONEOS_DEPLOYMENT_TARGET = 11.2;
				MTL_ENABLE_DEBUG_INFO = NO;
				SDKROOT = iphoneos;
				SWIFT_OPTIMIZATION_LEVEL = "-Owholemodule";
				VALIDATE_PRODUCT = YES;
			};
			name = Release;
		};
		8DA46C102025210600577308 /* Debug */ = {
			isa = XCBuildConfiguration;
			baseConfigurationReference = 58C51BD5BA8A34F0C53DB69D /* Pods-ARWorld.debug.xcconfig */;
			buildSettings = {
				ASSETCATALOG_COMPILER_APPICON_NAME = AppIcon;
				CODE_SIGN_STYLE = Automatic;
				DEVELOPMENT_TEAM = 66T4X4PK9Q;
				INFOPLIST_FILE = ARWorld/Info.plist;
				IPHONEOS_DEPLOYMENT_TARGET = 11.2;
				LD_RUNPATH_SEARCH_PATHS = "$(inherited) @executable_path/Frameworks";
				PRODUCT_BUNDLE_IDENTIFIER = "com.sudo-world-.ARWorld123";
				PRODUCT_NAME = "$(TARGET_NAME)";
				SWIFT_VERSION = 4.0;
				TARGETED_DEVICE_FAMILY = "1,2";
			};
			name = Debug;
		};
		8DA46C112025210600577308 /* Release */ = {
			isa = XCBuildConfiguration;
			baseConfigurationReference = F5F1FF02876CD5800BC6D4F4 /* Pods-ARWorld.release.xcconfig */;
			buildSettings = {
				ASSETCATALOG_COMPILER_APPICON_NAME = AppIcon;
				CODE_SIGN_STYLE = Automatic;
				DEVELOPMENT_TEAM = 66T4X4PK9Q;
				INFOPLIST_FILE = ARWorld/Info.plist;
				IPHONEOS_DEPLOYMENT_TARGET = 11.2;
				LD_RUNPATH_SEARCH_PATHS = "$(inherited) @executable_path/Frameworks";
				PRODUCT_BUNDLE_IDENTIFIER = "com.sudo-world-.ARWorld123";
				PRODUCT_NAME = "$(TARGET_NAME)";
				SWIFT_VERSION = 4.0;
				TARGETED_DEVICE_FAMILY = "1,2";
			};
			name = Release;
		};
/* End XCBuildConfiguration section */

/* Begin XCConfigurationList section */
		8DA46BF62025210600577308 /* Build configuration list for PBXProject "ARWorld" */ = {
			isa = XCConfigurationList;
			buildConfigurations = (
				8DA46C0D2025210600577308 /* Debug */,
				8DA46C0E2025210600577308 /* Release */,
			);
			defaultConfigurationIsVisible = 0;
			defaultConfigurationName = Release;
		};
		8DA46C0F2025210600577308 /* Build configuration list for PBXNativeTarget "ARWorld" */ = {
			isa = XCConfigurationList;
			buildConfigurations = (
				8DA46C102025210600577308 /* Debug */,
				8DA46C112025210600577308 /* Release */,
			);
			defaultConfigurationIsVisible = 0;
			defaultConfigurationName = Release;
		};
/* End XCConfigurationList section */
	};
	rootObject = 8DA46BF32025210600577308 /* Project object */;
}
